
Microsoft Visual Studio Solution File, Format Version 12.00
# Visual Studio Version 17
VisualStudioVersion = 17.1.32328.378
MinimumVisualStudioVersion = 10.0.40219.1
Project("{FAE04EC0-301F-11D3-BF4B-00C04F79EFBC}") = "addressbook-web-tests", "addressbook-web-tests\addressbook-web-tests.csproj", "{9D410FDC-DFAD-4AA0-B71E-55A7DF5BBEF6}"
EndProject
Project("{FAE04EC0-301F-11D3-BF4B-00C04F79EFBC}") = "addressbook-test-data-generators", "addressbook-test-data-generators\addressbook-test-data-generators.csproj", "{4EF55014-7C8A-4C78-AA01-6772F0308CB3}"
	ProjectSection(ProjectDependencies) = postProject
		{9D410FDC-DFAD-4AA0-B71E-55A7DF5BBEF6} = {9D410FDC-DFAD-4AA0-B71E-55A7DF5BBEF6}
	EndProjectSection
EndProject
Global
	GlobalSection(SolutionConfigurationPlatforms) = preSolution
		Debug|Any CPU = Debug|Any CPU
		Release|Any CPU = Release|Any CPU
	EndGlobalSection
	GlobalSection(ProjectConfigurationPlatforms) = postSolution
		{9D410FDC-DFAD-4AA0-B71E-55A7DF5BBEF6}.Debug|Any CPU.ActiveCfg = Debug|Any CPU
		{9D410FDC-DFAD-4AA0-B71E-55A7DF5BBEF6}.Debug|Any CPU.Build.0 = Debug|Any CPU
		{9D410FDC-DFAD-4AA0-B71E-55A7DF5BBEF6}.Release|Any CPU.ActiveCfg = Release|Any CPU
		{9D410FDC-DFAD-4AA0-B71E-55A7DF5BBEF6}.Release|Any CPU.Build.0 = Release|Any CPU
		{4EF55014-7C8A-4C78-AA01-6772F0308CB3}.Debug|Any CPU.ActiveCfg = Debug|Any CPU
		{4EF55014-7C8A-4C78-AA01-6772F0308CB3}.Debug|Any CPU.Build.0 = Debug|Any CPU
		{4EF55014-7C8A-4C78-AA01-6772F0308CB3}.Release|Any CPU.ActiveCfg = Release|Any CPU
		{4EF55014-7C8A-4C78-AA01-6772F0308CB3}.Release|Any CPU.Build.0 = Release|Any CPU
	EndGlobalSection
	GlobalSection(SolutionProperties) = preSolution
		HideSolutionNode = FALSE
	EndGlobalSection
	GlobalSection(ExtensibilityGlobals) = postSolution
		SolutionGuid = {9309FB9D-9015-44D8-88F2-5DA8EA13D25E}
	EndGlobalSection
EndGlobal
